
Microsoft Visual Studio Solution File, Format Version 12.00
# Visual Studio Version 16
VisualStudioVersion = 16.0.29905.134
MinimumVisualStudioVersion = 10.0.40219.1
Project("{FAE04EC0-301F-11D3-BF4B-00C04F79EFBC}") = "18KoleksiyonSınıfları(Form)", "18KoleksiyonSınıfları(Form).csproj", "{9FEA41DD-EFAE-4517-A7C7-3EB6E161B82D}"
EndProject
Global
	GlobalSection(SolutionConfigurationPlatforms) = preSolution
		Debug|Any CPU = Debug|Any CPU
		Release|Any CPU = Release|Any CPU
	EndGlobalSection
	GlobalSection(ProjectConfigurationPlatforms) = postSolution
		{9FEA41DD-EFAE-4517-A7C7-3EB6E161B82D}.Debug|Any CPU.ActiveCfg = Debug|Any CPU
		{9FEA41DD-EFAE-4517-A7C7-3EB6E161B82D}.Debug|Any CPU.Build.0 = Debug|Any CPU
		{9FEA41DD-EFAE-4517-A7C7-3EB6E161B82D}.Release|Any CPU.ActiveCfg = Release|Any CPU
		{9FEA41DD-EFAE-4517-A7C7-3EB6E161B82D}.Release|Any CPU.Build.0 = Release|Any CPU
	EndGlobalSection
	GlobalSection(SolutionProperties) = preSolution
		HideSolutionNode = FALSE
	EndGlobalSection
	GlobalSection(ExtensibilityGlobals) = postSolution
		SolutionGuid = {B23CD3C8-FFF2-464C-8230-3BE4BF24AD43}
	EndGlobalSection
EndGlobal
