
Microsoft Visual Studio Solution File, Format Version 12.00
# Visual Studio Version 16
VisualStudioVersion = 16.0.29728.190
MinimumVisualStudioVersion = 10.0.40219.1
Project("{FAE04EC0-301F-11D3-BF4B-00C04F79EFBC}") = "09UcgenCesidiniBulmaveMaasHesabi", "09UcgenCesidiniBulmaveMaasHesabi.csproj", "{C79FCDA2-28D4-4557-BC7D-037AD41B800F}"
EndProject
Global
	GlobalSection(SolutionConfigurationPlatforms) = preSolution
		Debug|Any CPU = Debug|Any CPU
		Release|Any CPU = Release|Any CPU
	EndGlobalSection
	GlobalSection(ProjectConfigurationPlatforms) = postSolution
		{C79FCDA2-28D4-4557-BC7D-037AD41B800F}.Debug|Any CPU.ActiveCfg = Debug|Any CPU
		{C79FCDA2-28D4-4557-BC7D-037AD41B800F}.Debug|Any CPU.Build.0 = Debug|Any CPU
		{C79FCDA2-28D4-4557-BC7D-037AD41B800F}.Release|Any CPU.ActiveCfg = Release|Any CPU
		{C79FCDA2-28D4-4557-BC7D-037AD41B800F}.Release|Any CPU.Build.0 = Release|Any CPU
	EndGlobalSection
	GlobalSection(SolutionProperties) = preSolution
		HideSolutionNode = FALSE
	EndGlobalSection
	GlobalSection(ExtensibilityGlobals) = postSolution
		SolutionGuid = {0F30C6E5-229C-47B7-8571-A52E465C0331}
	EndGlobalSection
EndGlobal
