
Microsoft Visual Studio Solution File, Format Version 12.00
# Visual Studio Version 16
VisualStudioVersion = 16.0.29905.134
MinimumVisualStudioVersion = 10.0.40219.1
Project("{FAE04EC0-301F-11D3-BF4B-00C04F79EFBC}") = "18KoleksiyonSınıfları(Console)", "18KoleksiyonSınıfları(Console).csproj", "{72C09B00-3FBB-4652-9666-BD988615AFE9}"
EndProject
Global
	GlobalSection(SolutionConfigurationPlatforms) = preSolution
		Debug|Any CPU = Debug|Any CPU
		Release|Any CPU = Release|Any CPU
	EndGlobalSection
	GlobalSection(ProjectConfigurationPlatforms) = postSolution
		{72C09B00-3FBB-4652-9666-BD988615AFE9}.Debug|Any CPU.ActiveCfg = Debug|Any CPU
		{72C09B00-3FBB-4652-9666-BD988615AFE9}.Debug|Any CPU.Build.0 = Debug|Any CPU
		{72C09B00-3FBB-4652-9666-BD988615AFE9}.Release|Any CPU.ActiveCfg = Release|Any CPU
		{72C09B00-3FBB-4652-9666-BD988615AFE9}.Release|Any CPU.Build.0 = Release|Any CPU
	EndGlobalSection
	GlobalSection(SolutionProperties) = preSolution
		HideSolutionNode = FALSE
	EndGlobalSection
	GlobalSection(ExtensibilityGlobals) = postSolution
		SolutionGuid = {9C32F8E3-9041-4403-96C4-9DD0808078C9}
	EndGlobalSection
EndGlobal
