
Microsoft Visual Studio Solution File, Format Version 12.00
# Visual Studio Version 16
VisualStudioVersion = 16.0.29806.167
MinimumVisualStudioVersion = 10.0.40219.1
Project("{FAE04EC0-301F-11D3-BF4B-00C04F79EFBC}") = "15EnumVeSerbestÇalışma", "15EnumVeSerbestÇalışma.csproj", "{0B0F1448-E7D3-4D21-925F-711FD7654F24}"
EndProject
Global
	GlobalSection(SolutionConfigurationPlatforms) = preSolution
		Debug|Any CPU = Debug|Any CPU
		Release|Any CPU = Release|Any CPU
	EndGlobalSection
	GlobalSection(ProjectConfigurationPlatforms) = postSolution
		{0B0F1448-E7D3-4D21-925F-711FD7654F24}.Debug|Any CPU.ActiveCfg = Debug|Any CPU
		{0B0F1448-E7D3-4D21-925F-711FD7654F24}.Debug|Any CPU.Build.0 = Debug|Any CPU
		{0B0F1448-E7D3-4D21-925F-711FD7654F24}.Release|Any CPU.ActiveCfg = Release|Any CPU
		{0B0F1448-E7D3-4D21-925F-711FD7654F24}.Release|Any CPU.Build.0 = Release|Any CPU
	EndGlobalSection
	GlobalSection(SolutionProperties) = preSolution
		HideSolutionNode = FALSE
	EndGlobalSection
	GlobalSection(ExtensibilityGlobals) = postSolution
		SolutionGuid = {6F758443-0610-4E24-9055-7CFEAC27DB61}
	EndGlobalSection
EndGlobal
