
Microsoft Visual Studio Solution File, Format Version 12.00
# Visual Studio Version 16
VisualStudioVersion = 16.0.29911.84
MinimumVisualStudioVersion = 10.0.40219.1
Project("{FAE04EC0-301F-11D3-BF4B-00C04F79EFBC}") = "19ParametreDizileri(Form)", "19ParametreDizileri(Form).csproj", "{6A29FCEA-99F1-411B-BA8B-2CF522876A67}"
EndProject
Global
	GlobalSection(SolutionConfigurationPlatforms) = preSolution
		Debug|Any CPU = Debug|Any CPU
		Release|Any CPU = Release|Any CPU
	EndGlobalSection
	GlobalSection(ProjectConfigurationPlatforms) = postSolution
		{6A29FCEA-99F1-411B-BA8B-2CF522876A67}.Debug|Any CPU.ActiveCfg = Debug|Any CPU
		{6A29FCEA-99F1-411B-BA8B-2CF522876A67}.Debug|Any CPU.Build.0 = Debug|Any CPU
		{6A29FCEA-99F1-411B-BA8B-2CF522876A67}.Release|Any CPU.ActiveCfg = Release|Any CPU
		{6A29FCEA-99F1-411B-BA8B-2CF522876A67}.Release|Any CPU.Build.0 = Release|Any CPU
	EndGlobalSection
	GlobalSection(SolutionProperties) = preSolution
		HideSolutionNode = FALSE
	EndGlobalSection
	GlobalSection(ExtensibilityGlobals) = postSolution
		SolutionGuid = {8BEA0D6E-DB91-40B9-9F26-9CD7B5628284}
	EndGlobalSection
EndGlobal
