
Microsoft Visual Studio Solution File, Format Version 12.00
# Visual Studio Version 16
VisualStudioVersion = 16.0.30104.148
MinimumVisualStudioVersion = 10.0.40219.1
Project("{FAE04EC0-301F-11D3-BF4B-00C04F79EFBC}") = "22Olaylar(Events)", "22Olaylar(Events).csproj", "{33F547B4-9E48-4D27-B9B5-EBC431866CD5}"
EndProject
Global
	GlobalSection(SolutionConfigurationPlatforms) = preSolution
		Debug|Any CPU = Debug|Any CPU
		Release|Any CPU = Release|Any CPU
	EndGlobalSection
	GlobalSection(ProjectConfigurationPlatforms) = postSolution
		{33F547B4-9E48-4D27-B9B5-EBC431866CD5}.Debug|Any CPU.ActiveCfg = Debug|Any CPU
		{33F547B4-9E48-4D27-B9B5-EBC431866CD5}.Debug|Any CPU.Build.0 = Debug|Any CPU
		{33F547B4-9E48-4D27-B9B5-EBC431866CD5}.Release|Any CPU.ActiveCfg = Release|Any CPU
		{33F547B4-9E48-4D27-B9B5-EBC431866CD5}.Release|Any CPU.Build.0 = Release|Any CPU
	EndGlobalSection
	GlobalSection(SolutionProperties) = preSolution
		HideSolutionNode = FALSE
	EndGlobalSection
	GlobalSection(ExtensibilityGlobals) = postSolution
		SolutionGuid = {0E7CBE26-E692-4127-B044-202A1088222D}
	EndGlobalSection
EndGlobal
